
Microsoft Visual Studio Solution File, Format Version 12.00
Project("{FAE04EC0-301F-11D3-BF4B-00C04F79EFBC}") = "FileGenerator", "FileGenerator\FileGenerator.csproj", "{6AC535D0-6F36-4B93-B5DA-2735240244B3}"
EndProject
Project("{FAE04EC0-301F-11D3-BF4B-00C04F79EFBC}") = "EndToEndTests", "EndToEndTests\EndToEndTests.csproj", "{A0088664-6E67-41BC-8694-D776F4A45CD9}"
EndProject
Project("{FAE04EC0-301F-11D3-BF4B-00C04F79EFBC}") = "FileSorter", "FileSorter\FileSorter.csproj", "{48B94B5E-A083-4BCF-90F1-538FE95322A7}"
EndProject
Global
	GlobalSection(SolutionConfigurationPlatforms) = preSolution
		Debug|Any CPU = Debug|Any CPU
		Release|Any CPU = Release|Any CPU
	EndGlobalSection
	GlobalSection(ProjectConfigurationPlatforms) = postSolution
		{6AC535D0-6F36-4B93-B5DA-2735240244B3}.Debug|Any CPU.ActiveCfg = Debug|Any CPU
		{6AC535D0-6F36-4B93-B5DA-2735240244B3}.Debug|Any CPU.Build.0 = Debug|Any CPU
		{6AC535D0-6F36-4B93-B5DA-2735240244B3}.Release|Any CPU.ActiveCfg = Release|Any CPU
		{6AC535D0-6F36-4B93-B5DA-2735240244B3}.Release|Any CPU.Build.0 = Release|Any CPU
		{A0088664-6E67-41BC-8694-D776F4A45CD9}.Debug|Any CPU.ActiveCfg = Debug|Any CPU
		{A0088664-6E67-41BC-8694-D776F4A45CD9}.Debug|Any CPU.Build.0 = Debug|Any CPU
		{A0088664-6E67-41BC-8694-D776F4A45CD9}.Release|Any CPU.ActiveCfg = Release|Any CPU
		{A0088664-6E67-41BC-8694-D776F4A45CD9}.Release|Any CPU.Build.0 = Release|Any CPU
		{48B94B5E-A083-4BCF-90F1-538FE95322A7}.Debug|Any CPU.ActiveCfg = Debug|Any CPU
		{48B94B5E-A083-4BCF-90F1-538FE95322A7}.Debug|Any CPU.Build.0 = Debug|Any CPU
		{48B94B5E-A083-4BCF-90F1-538FE95322A7}.Release|Any CPU.ActiveCfg = Release|Any CPU
		{48B94B5E-A083-4BCF-90F1-538FE95322A7}.Release|Any CPU.Build.0 = Release|Any CPU
	EndGlobalSection
EndGlobal
